// !$*UTF8*$!
{
	archiveVersion = 1;
	classes = {
	};
	objectVersion = 46;
	objects = {

/* Begin PBXBuildFile section */
		1707934B1526D81E005FA472 /* SecondViewController.m in Sources */ = {isa = PBXBuildFile; fileRef = 170793491526D81E005FA472 /* SecondViewController.m */; };
		1707934C1526D81E005FA472 /* SecondViewController.xib in Resources */ = {isa = PBXBuildFile; fileRef = 1707934A1526D81E005FA472 /* SecondViewController.xib */; };
		170793501526D84C005FA472 /* FirstViewController.m in Sources */ = {isa = PBXBuildFile; fileRef = 1707934E1526D84C005FA472 /* FirstViewController.m */; };
		170793511526D84C005FA472 /* FirstViewController.xib in Resources */ = {isa = PBXBuildFile; fileRef = 1707934F1526D84C005FA472 /* FirstViewController.xib */; };
		17079605152A84A9005FA472 /* 0.jpg in Resources */ = {isa = PBXBuildFile; fileRef = 170795FB152A84A9005FA472 /* 0.jpg */; };
		17079606152A84A9005FA472 /* 1.jpg in Resources */ = {isa = PBXBuildFile; fileRef = 170795FC152A84A9005FA472 /* 1.jpg */; };
		17079607152A84A9005FA472 /* 2.jpg in Resources */ = {isa = PBXBuildFile; fileRef = 170795FD152A84A9005FA472 /* 2.jpg */; };
		17079608152A84A9005FA472 /* 3.jpg in Resources */ = {isa = PBXBuildFile; fileRef = 170795FE152A84A9005FA472 /* 3.jpg */; };
		17079609152A84A9005FA472 /* 4.jpg in Resources */ = {isa = PBXBuildFile; fileRef = 170795FF152A84A9005FA472 /* 4.jpg */; };
		1707960A152A84A9005FA472 /* 5.jpg in Resources */ = {isa = PBXBuildFile; fileRef = 17079600152A84A9005FA472 /* 5.jpg */; };
		1707960B152A84A9005FA472 /* 6.jpg in Resources */ = {isa = PBXBuildFile; fileRef = 17079601152A84A9005FA472 /* 6.jpg */; };
		1707960C152A84A9005FA472 /* 7.jpg in Resources */ = {isa = PBXBuildFile; fileRef = 17079602152A84A9005FA472 /* 7.jpg */; };
		1707960D152A84A9005FA472 /* 8.jpg in Resources */ = {isa = PBXBuildFile; fileRef = 17079603152A84A9005FA472 /* 8.jpg */; };
		1707960E152A84A9005FA472 /* 9.jpg in Resources */ = {isa = PBXBuildFile; fileRef = 17079604152A84A9005FA472 /* 9.jpg */; };
		1707967E152AAE2C005FA472 /* NSObject+SBJSON.m in Sources */ = {isa = PBXBuildFile; fileRef = 17079675152AAE2C005FA472 /* NSObject+SBJSON.m */; };
		1707967F152AAE2C005FA472 /* NSString+SBJSON.m in Sources */ = {isa = PBXBuildFile; fileRef = 17079677152AAE2C005FA472 /* NSString+SBJSON.m */; };
		17079680152AAE2C005FA472 /* SBJsonBase.m in Sources */ = {isa = PBXBuildFile; fileRef = 17079679152AAE2C005FA472 /* SBJsonBase.m */; };
		17079681152AAE2C005FA472 /* SBJsonParser.m in Sources */ = {isa = PBXBuildFile; fileRef = 1707967B152AAE2C005FA472 /* SBJsonParser.m */; };
		17079682152AAE2C005FA472 /* SBJsonWriter.m in Sources */ = {isa = PBXBuildFile; fileRef = 1707967D152AAE2C005FA472 /* SBJsonWriter.m */; };
		1D3623260D0F684500981E51 /* einSwitch003AppDelegate.m in Sources */ = {isa = PBXBuildFile; fileRef = 1D3623250D0F684500981E51 /* einSwitch003AppDelegate.m */; };
		1D60589B0D05DD56006BFB54 /* main.m in Sources */ = {isa = PBXBuildFile; fileRef = 29B97316FDCFA39411CA2CEA /* main.m */; };
		1D60589F0D05DD5A006BFB54 /* Foundation.framework in Frameworks */ = {isa = PBXBuildFile; fileRef = 1D30AB110D05D00D00671497 /* Foundation.framework */; };
		1DF5F4E00D08C38300B7A737 /* UIKit.framework in Frameworks */ = {isa = PBXBuildFile; fileRef = 1DF5F4DF0D08C38300B7A737 /* UIKit.framework */; };
		288765FD0DF74451002DB57D /* CoreGraphics.framework in Frameworks */ = {isa = PBXBuildFile; fileRef = 288765FC0DF74451002DB57D /* CoreGraphics.framework */; };
		28AD733F0D9D9553002E5188 /* MainWindow.xib in Resources */ = {isa = PBXBuildFile; fileRef = 28AD733E0D9D9553002E5188 /* MainWindow.xib */; };
/* End PBXBuildFile section */

/* Begin PBXFileReference section */
		170793481526D81E005FA472 /* SecondViewController.h */ = {isa = PBXFileReference; fileEncoding = 4; lastKnownFileType = sourcecode.c.h; path = SecondViewController.h; sourceTree = "<group>"; };
		170793491526D81E005FA472 /* SecondViewController.m */ = {isa = PBXFileReference; fileEncoding = 4; lastKnownFileType = sourcecode.c.objc; path = SecondViewController.m; sourceTree = "<group>"; };
		1707934A1526D81E005FA472 /* SecondViewController.xib */ = {isa = PBXFileReference; lastKnownFileType = file.xib; name = SecondViewController.xib; path = Classes/SecondViewController.xib; sourceTree = "<group>"; };
		1707934D1526D84C005FA472 /* FirstViewController.h */ = {isa = PBXFileReference; fileEncoding = 4; lastKnownFileType = sourcecode.c.h; path = FirstViewController.h; sourceTree = "<group>"; };
		1707934E1526D84C005FA472 /* FirstViewController.m */ = {isa = PBXFileReference; fileEncoding = 4; lastKnownFileType = sourcecode.c.objc; path = FirstViewController.m; sourceTree = "<group>"; };
		1707934F1526D84C005FA472 /* FirstViewController.xib */ = {isa = PBXFileReference; lastKnownFileType = file.xib; name = FirstViewController.xib; path = Classes/FirstViewController.xib; sourceTree = "<group>"; };
		170795FB152A84A9005FA472 /* 0.jpg */ = {isa = PBXFileReference; lastKnownFileType = image.jpeg; path = 0.jpg; sourceTree = "<group>"; };
		170795FC152A84A9005FA472 /* 1.jpg */ = {isa = PBXFileReference; lastKnownFileType = image.jpeg; path = 1.jpg; sourceTree = "<group>"; };
		170795FD152A84A9005FA472 /* 2.jpg */ = {isa = PBXFileReference; lastKnownFileType = image.jpeg; path = 2.jpg; sourceTree = "<group>"; };
		170795FE152A84A9005FA472 /* 3.jpg */ = {isa = PBXFileReference; lastKnownFileType = image.jpeg; path = 3.jpg; sourceTree = "<group>"; };
		170795FF152A84A9005FA472 /* 4.jpg */ = {isa = PBXFileReference; lastKnownFileType = image.jpeg; path = 4.jpg; sourceTree = "<group>"; };
		17079600152A84A9005FA472 /* 5.jpg */ = {isa = PBXFileReference; lastKnownFileType = image.jpeg; path = 5.jpg; sourceTree = "<group>"; };
		17079601152A84A9005FA472 /* 6.jpg */ = {isa = PBXFileReference; lastKnownFileType = image.jpeg; path = 6.jpg; sourceTree = "<group>"; };
		17079602152A84A9005FA472 /* 7.jpg */ = {isa = PBXFileReference; lastKnownFileType = image.jpeg; path = 7.jpg; sourceTree = "<group>"; };
		17079603152A84A9005FA472 /* 8.jpg */ = {isa = PBXFileReference; lastKnownFileType = image.jpeg; path = 8.jpg; sourceTree = "<group>"; };
		17079604152A84A9005FA472 /* 9.jpg */ = {isa = PBXFileReference; lastKnownFileType = image.jpeg; path = 9.jpg; sourceTree = "<group>"; };
		17079673152AAE2C005FA472 /* JSON.h */ = {isa = PBXFileReference; fileEncoding = 4; lastKnownFileType = sourcecode.c.h; path = JSON.h; sourceTree = "<group>"; };
		17079674152AAE2C005FA472 /* NSObject+SBJSON.h */ = {isa = PBXFileReference; fileEncoding = 4; lastKnownFileType = sourcecode.c.h; path = "NSObject+SBJSON.h"; sourceTree = "<group>"; };
		17079675152AAE2C005FA472 /* NSObject+SBJSON.m */ = {isa = PBXFileReference; fileEncoding = 4; lastKnownFileType = sourcecode.c.objc; path = "NSObject+SBJSON.m"; sourceTree = "<group>"; };
		17079676152AAE2C005FA472 /* NSString+SBJSON.h */ = {isa = PBXFileReference; fileEncoding = 4; lastKnownFileType = sourcecode.c.h; path = "NSString+SBJSON.h"; sourceTree = "<group>"; };
		17079677152AAE2C005FA472 /* NSString+SBJSON.m */ = {isa = PBXFileReference; fileEncoding = 4; lastKnownFileType = sourcecode.c.objc; path = "NSString+SBJSON.m"; sourceTree = "<group>"; };
		17079678152AAE2C005FA472 /* SBJsonBase.h */ = {isa = PBXFileReference; fileEncoding = 4; lastKnownFileType = sourcecode.c.h; path = SBJsonBase.h; sourceTree = "<group>"; };
		17079679152AAE2C005FA472 /* SBJsonBase.m */ = {isa = PBXFileReference; fileEncoding = 4; lastKnownFileType = sourcecode.c.objc; path = SBJsonBase.m; sourceTree = "<group>"; };
		1707967A152AAE2C005FA472 /* SBJsonParser.h */ = {isa = PBXFileReference; fileEncoding = 4; lastKnownFileType = sourcecode.c.h; path = SBJsonParser.h; sourceTree = "<group>"; };
		1707967B152AAE2C005FA472 /* SBJsonParser.m */ = {isa = PBXFileReference; fileEncoding = 4; lastKnownFileType = sourcecode.c.objc; path = SBJsonParser.m; sourceTree = "<group>"; };
		1707967C152AAE2C005FA472 /* SBJsonWriter.h */ = {isa = PBXFileReference; fileEncoding = 4; lastKnownFileType = sourcecode.c.h; path = SBJsonWriter.h; sourceTree = "<group>"; };
		1707967D152AAE2C005FA472 /* SBJsonWriter.m */ = {isa = PBXFileReference; fileEncoding = 4; lastKnownFileType = sourcecode.c.objc; path = SBJsonWriter.m; sourceTree = "<group>"; };
		1D30AB110D05D00D00671497 /* Foundation.framework */ = {isa = PBXFileReference; lastKnownFileType = wrapper.framework; name = Foundation.framework; path = System/Library/Frameworks/Foundation.framework; sourceTree = SDKROOT; };
		1D3623240D0F684500981E51 /* einSwitch003AppDelegate.h */ = {isa = PBXFileReference; fileEncoding = 4; lastKnownFileType = sourcecode.c.h; path = einSwitch003AppDelegate.h; sourceTree = "<group>"; };
		1D3623250D0F684500981E51 /* einSwitch003AppDelegate.m */ = {isa = PBXFileReference; fileEncoding = 4; lastKnownFileType = sourcecode.c.objc; path = einSwitch003AppDelegate.m; sourceTree = "<group>"; };
		1D6058910D05DD3D006BFB54 /* einSwitch003.app */ = {isa = PBXFileReference; explicitFileType = wrapper.application; includeInIndex = 0; path = einSwitch003.app; sourceTree = BUILT_PRODUCTS_DIR; };
		1DF5F4DF0D08C38300B7A737 /* UIKit.framework */ = {isa = PBXFileReference; lastKnownFileType = wrapper.framework; name = UIKit.framework; path = System/Library/Frameworks/UIKit.framework; sourceTree = SDKROOT; };
		288765FC0DF74451002DB57D /* CoreGraphics.framework */ = {isa = PBXFileReference; lastKnownFileType = wrapper.framework; name = CoreGraphics.framework; path = System/Library/Frameworks/CoreGraphics.framework; sourceTree = SDKROOT; };
		28AD733E0D9D9553002E5188 /* MainWindow.xib */ = {isa = PBXFileReference; lastKnownFileType = file.xib; path = MainWindow.xib; sourceTree = "<group>"; };
		29B97316FDCFA39411CA2CEA /* main.m */ = {isa = PBXFileReference; fileEncoding = 4; lastKnownFileType = sourcecode.c.objc; path = main.m; sourceTree = "<group>"; };
		32CA4F630368D1EE00C91783 /* einSwitch003_Prefix.pch */ = {isa = PBXFileReference; fileEncoding = 4; lastKnownFileType = sourcecode.c.h; path = einSwitch003_Prefix.pch; sourceTree = "<group>"; };
		8D1107310486CEB800E47090 /* einSwitch003-Info.plist */ = {isa = PBXFileReference; fileEncoding = 4; lastKnownFileType = text.plist.xml; path = "einSwitch003-Info.plist"; plistStructureDefinitionIdentifier = "com.apple.xcode.plist.structure-definition.iphone.info-plist"; sourceTree = "<group>"; };
/* End PBXFileReference section */

/* Begin PBXFrameworksBuildPhase section */
		1D60588F0D05DD3D006BFB54 /* Frameworks */ = {
			isa = PBXFrameworksBuildPhase;
			buildActionMask = 2147483647;
			files = (
				1D60589F0D05DD5A006BFB54 /* Foundation.framework in Frameworks */,
				1DF5F4E00D08C38300B7A737 /* UIKit.framework in Frameworks */,
				288765FD0DF74451002DB57D /* CoreGraphics.framework in Frameworks */,
			);
			runOnlyForDeploymentPostprocessing = 0;
		};
/* End PBXFrameworksBuildPhase section */

/* Begin PBXGroup section */
		080E96DDFE201D6D7F000001 /* Classes */ = {
			isa = PBXGroup;
			children = (
				1D3623240D0F684500981E51 /* einSwitch003AppDelegate.h */,
				1D3623250D0F684500981E51 /* einSwitch003AppDelegate.m */,
				170793481526D81E005FA472 /* SecondViewController.h */,
				170793491526D81E005FA472 /* SecondViewController.m */,
				1707934D1526D84C005FA472 /* FirstViewController.h */,
				1707934E1526D84C005FA472 /* FirstViewController.m */,
			);
			path = Classes;
			sourceTree = "<group>";
		};
		17079671152AADA1005FA472 /* Externals */ = {
			isa = PBXGroup;
			children = (
				17079672152AADCE005FA472 /* JSON */,
			);
			name = Externals;
			sourceTree = "<group>";
		};
		17079672152AADCE005FA472 /* JSON */ = {
			isa = PBXGroup;
			children = (
				17079673152AAE2C005FA472 /* JSON.h */,
				17079674152AAE2C005FA472 /* NSObject+SBJSON.h */,
				17079675152AAE2C005FA472 /* NSObject+SBJSON.m */,
				17079676152AAE2C005FA472 /* NSString+SBJSON.h */,
				17079677152AAE2C005FA472 /* NSString+SBJSON.m */,
				17079678152AAE2C005FA472 /* SBJsonBase.h */,
				17079679152AAE2C005FA472 /* SBJsonBase.m */,
				1707967A152AAE2C005FA472 /* SBJsonParser.h */,
				1707967B152AAE2C005FA472 /* SBJsonParser.m */,
				1707967C152AAE2C005FA472 /* SBJsonWriter.h */,
				1707967D152AAE2C005FA472 /* SBJsonWriter.m */,
			);
			name = JSON;
			sourceTree = "<group>";
		};
		19C28FACFE9D520D11CA2CBB /* Products */ = {
			isa = PBXGroup;
			children = (
				1D6058910D05DD3D006BFB54 /* einSwitch003.app */,
			);
			name = Products;
			sourceTree = "<group>";
		};
		29B97314FDCFA39411CA2CEA /* CustomTemplate */ = {
			isa = PBXGroup;
			children = (
				17079671152AADA1005FA472 /* Externals */,
				080E96DDFE201D6D7F000001 /* Classes */,
				29B97315FDCFA39411CA2CEA /* Other Sources */,
				29B97317FDCFA39411CA2CEA /* Resources */,
				29B97323FDCFA39411CA2CEA /* Frameworks */,
				19C28FACFE9D520D11CA2CBB /* Products */,
			);
			name = CustomTemplate;
			sourceTree = "<group>";
		};
		29B97315FDCFA39411CA2CEA /* Other Sources */ = {
			isa = PBXGroup;
			children = (
				32CA4F630368D1EE00C91783 /* einSwitch003_Prefix.pch */,
				29B97316FDCFA39411CA2CEA /* main.m */,
			);
			name = "Other Sources";
			sourceTree = "<group>";
		};
		29B97317FDCFA39411CA2CEA /* Resources */ = {
			isa = PBXGroup;
			children = (
				170795FB152A84A9005FA472 /* 0.jpg */,
				170795FC152A84A9005FA472 /* 1.jpg */,
				170795FD152A84A9005FA472 /* 2.jpg */,
				170795FE152A84A9005FA472 /* 3.jpg */,
				170795FF152A84A9005FA472 /* 4.jpg */,
				17079600152A84A9005FA472 /* 5.jpg */,
				17079601152A84A9005FA472 /* 6.jpg */,
				17079602152A84A9005FA472 /* 7.jpg */,
				17079603152A84A9005FA472 /* 8.jpg */,
				17079604152A84A9005FA472 /* 9.jpg */,
				1707934A1526D81E005FA472 /* SecondViewController.xib */,
				1707934F1526D84C005FA472 /* FirstViewController.xib */,
				28AD733E0D9D9553002E5188 /* MainWindow.xib */,
				8D1107310486CEB800E47090 /* einSwitch003-Info.plist */,
			);
			name = Resources;
			sourceTree = "<group>";
		};
		29B97323FDCFA39411CA2CEA /* Frameworks */ = {
			isa = PBXGroup;
			children = (
				1DF5F4DF0D08C38300B7A737 /* UIKit.framework */,
				1D30AB110D05D00D00671497 /* Foundation.framework */,
				288765FC0DF74451002DB57D /* CoreGraphics.framework */,
			);
			name = Frameworks;
			sourceTree = "<group>";
		};
/* End PBXGroup section */

/* Begin PBXNativeTarget section */
		1D6058900D05DD3D006BFB54 /* einSwitch003 */ = {
			isa = PBXNativeTarget;
			buildConfigurationList = 1D6058960D05DD3E006BFB54 /* Build configuration list for PBXNativeTarget "einSwitch003" */;
			buildPhases = (
				1D60588D0D05DD3D006BFB54 /* Resources */,
				1D60588E0D05DD3D006BFB54 /* Sources */,
				1D60588F0D05DD3D006BFB54 /* Frameworks */,
			);
			buildRules = (
			);
			dependencies = (
			);
			name = einSwitch003;
			productName = einSwitch003;
			productReference = 1D6058910D05DD3D006BFB54 /* einSwitch003.app */;
			productType = "com.apple.product-type.application";
		};
/* End PBXNativeTarget section */

/* Begin PBXProject section */
		29B97313FDCFA39411CA2CEA /* Project object */ = {
			isa = PBXProject;
			buildConfigurationList = C01FCF4E08A954540054247B /* Build configuration list for PBXProject "einSwitch003" */;
			compatibilityVersion = "Xcode 3.2";
			developmentRegion = English;
			hasScannedForEncodings = 1;
			knownRegions = (
				English,
				Japanese,
				French,
				German,
			);
			mainGroup = 29B97314FDCFA39411CA2CEA /* CustomTemplate */;
			projectDirPath = "";
			projectRoot = "";
			targets = (
				1D6058900D05DD3D006BFB54 /* einSwitch003 */,
			);
		};
/* End PBXProject section */

/* Begin PBXResourcesBuildPhase section */
		1D60588D0D05DD3D006BFB54 /* Resources */ = {
			isa = PBXResourcesBuildPhase;
			buildActionMask = 2147483647;
			files = (
				28AD733F0D9D9553002E5188 /* MainWindow.xib in Resources */,
				1707934C1526D81E005FA472 /* SecondViewController.xib in Resources */,
				170793511526D84C005FA472 /* FirstViewController.xib in Resources */,
				17079605152A84A9005FA472 /* 0.jpg in Resources */,
				17079606152A84A9005FA472 /* 1.jpg in Resources */,
				17079607152A84A9005FA472 /* 2.jpg in Resources */,
				17079608152A84A9005FA472 /* 3.jpg in Resources */,
				17079609152A84A9005FA472 /* 4.jpg in Resources */,
				1707960A152A84A9005FA472 /* 5.jpg in Resources */,
				1707960B152A84A9005FA472 /* 6.jpg in Resources */,
				1707960C152A84A9005FA472 /* 7.jpg in Resources */,
				1707960D152A84A9005FA472 /* 8.jpg in Resources */,
				1707960E152A84A9005FA472 /* 9.jpg in Resources */,
			);
			runOnlyForDeploymentPostprocessing = 0;
		};
/* End PBXResourcesBuildPhase section */

/* Begin PBXSourcesBuildPhase section */
		1D60588E0D05DD3D006BFB54 /* Sources */ = {
			isa = PBXSourcesBuildPhase;
			buildActionMask = 2147483647;
			files = (
				1D60589B0D05DD56006BFB54 /* main.m in Sources */,
				1D3623260D0F684500981E51 /* einSwitch003AppDelegate.m in Sources */,
				1707934B1526D81E005FA472 /* SecondViewController.m in Sources */,
				170793501526D84C005FA472 /* FirstViewController.m in Sources */,
				1707967E152AAE2C005FA472 /* NSObject+SBJSON.m in Sources */,
				1707967F152AAE2C005FA472 /* NSString+SBJSON.m in Sources */,
				17079680152AAE2C005FA472 /* SBJsonBase.m in Sources */,
				17079681152AAE2C005FA472 /* SBJsonParser.m in Sources */,
				17079682152AAE2C005FA472 /* SBJsonWriter.m in Sources */,
			);
			runOnlyForDeploymentPostprocessing = 0;
		};
/* End PBXSourcesBuildPhase section */

/* Begin XCBuildConfiguration section */
		1D6058940D05DD3E006BFB54 /* Debug */ = {
			isa = XCBuildConfiguration;
			buildSettings = {
				ALWAYS_SEARCH_USER_PATHS = NO;
				COPY_PHASE_STRIP = NO;
				GCC_DYNAMIC_NO_PIC = NO;
				GCC_OPTIMIZATION_LEVEL = 0;
				GCC_PRECOMPILE_PREFIX_HEADER = YES;
				GCC_PREFIX_HEADER = einSwitch003_Prefix.pch;
				INFOPLIST_FILE = "einSwitch003-Info.plist";
				PRODUCT_NAME = einSwitch003;
			};
			name = Debug;
		};
		1D6058950D05DD3E006BFB54 /* Release */ = {
			isa = XCBuildConfiguration;
			buildSettings = {
				ALWAYS_SEARCH_USER_PATHS = NO;
				COPY_PHASE_STRIP = YES;
				GCC_PRECOMPILE_PREFIX_HEADER = YES;
				GCC_PREFIX_HEADER = einSwitch003_Prefix.pch;
				INFOPLIST_FILE = "einSwitch003-Info.plist";
				PRODUCT_NAME = einSwitch003;
				VALIDATE_PRODUCT = YES;
			};
			name = Release;
		};
		C01FCF4F08A954540054247B /* Debug */ = {
			isa = XCBuildConfiguration;
			buildSettings = {
				ARCHS = "$(ARCHS_STANDARD_32_BIT)";
				"CODE_SIGN_IDENTITY[sdk=iphoneos*]" = "iPhone Developer";
				GCC_C_LANGUAGE_STANDARD = c99;
				GCC_WARN_ABOUT_RETURN_TYPE = YES;
				GCC_WARN_UNUSED_VARIABLE = YES;
				PREBINDING = NO;
				SDKROOT = iphoneos;
			};
			name = Debug;
		};
		C01FCF5008A954540054247B /* Release */ = {
			isa = XCBuildConfiguration;
			buildSettings = {
				ARCHS = "$(ARCHS_STANDARD_32_BIT)";
				"CODE_SIGN_IDENTITY[sdk=iphoneos*]" = "iPhone Developer";
				GCC_C_LANGUAGE_STANDARD = c99;
				GCC_WARN_ABOUT_RETURN_TYPE = YES;
				GCC_WARN_UNUSED_VARIABLE = YES;
				OTHER_CFLAGS = "-DNS_BLOCK_ASSERTIONS=1";
				PREBINDING = NO;
				SDKROOT = iphoneos;
			};
			name = Release;
		};
/* End XCBuildConfiguration section */

/* Begin XCConfigurationList section */
		1D6058960D05DD3E006BFB54 /* Build configuration list for PBXNativeTarget "einSwitch003" */ = {
			isa = XCConfigurationList;
			buildConfigurations = (
				1D6058940D05DD3E006BFB54 /* Debug */,
				1D6058950D05DD3E006BFB54 /* Release */,
			);
			defaultConfigurationIsVisible = 0;
			defaultConfigurationName = Release;
		};
		C01FCF4E08A954540054247B /* Build configuration list for PBXProject "einSwitch003" */ = {
			isa = XCConfigurationList;
			buildConfigurations = (
				C01FCF4F08A954540054247B /* Debug */,
				C01FCF5008A954540054247B /* Release */,
			);
			defaultConfigurationIsVisible = 0;
			defaultConfigurationName = Release;
		};
/* End XCConfigurationList section */
	};
	rootObject = 29B97313FDCFA39411CA2CEA /* Project object */;
}
